{
  "name": "extexe",
  "lockfileVersion": 3,
  "requires": true,
  "packages": {
    "": {
      "dependencies": {
        "edge-util": "^0.0.70",
        "marked-util": "^0.0.9"
      }
    },
    "node_modules/argparse": {
      "version": "2.0.1",
      "resolved": "https://registry.npmjs.org/argparse/-/argparse-2.0.1.tgz",
      "integrity": "sha512-8+9WqebbFzpX9OR+Wa6O29asIogeRMzcGtAINdpMHHyAg10f05aSFVBbcEqGf/PXw1EjAZ+q2/bEBg3DvurK3Q==",
      "license": "Python-2.0"
    },
    "node_modules/edge-util": {
      "version": "0.0.70",
      "resolved": "https://registry.npmjs.org/edge-util/-/edge-util-0.0.70.tgz",
      "integrity": "sha512-QwaZhBAoP/fd3EK/v/q1GseSw6Mvr4enYc1+8A2VrU+Sfo7Q9Gx6D/vl6WawiGZomV9GA3fZR/LzfeWBppPnrA==",
      "dependencies": {
        "emoji-regex": "10.3.0",
        "openapi-types": "^12.1.3"
      }
    },
    "node_modules/emoji-regex": {
      "version": "10.3.0",
      "resolved": "https://registry.npmjs.org/emoji-regex/-/emoji-regex-10.3.0.tgz",
      "integrity": "sha512-QpLs9D9v9kArv4lfDEgg1X/gN5XLnf/A6l9cs8SPZLRZR3ZkY9+kwIQTxm+fsSej5UMYGE8fdoaZVIBlqG0XTw==",
      "license": "MIT"
    },
    "node_modules/js-yaml": {
      "version": "4.1.0",
      "resolved": "https://registry.npmjs.org/js-yaml/-/js-yaml-4.1.0.tgz",
      "integrity": "sha512-wpxZs9NoxZaJESJGIZTyDEaYpl0FKSA+FB9aJiyemKhMwkxQg63h4T1KJgUGHpTqPDNRcmmYLugrRjJlBtWvRA==",
      "license": "MIT",
      "dependencies": {
        "argparse": "^2.0.1"
      },
      "bin": {
        "js-yaml": "bin/js-yaml.js"
      }
    },
    "node_modules/marked": {
      "version": "5.1.2",
      "resolved": "https://registry.npmjs.org/marked/-/marked-5.1.2.tgz",
      "integrity": "sha512-ahRPGXJpjMjwSOlBoTMZAK7ATXkli5qCPxZ21TG44rx1KEo44bii4ekgTDQPNRQ4Kh7JMb9Ub1PVk1NxRSsorg==",
      "license": "MIT",
      "bin": {
        "marked": "bin/marked.js"
      },
      "engines": {
        "node": ">= 16"
      }
    },
    "node_modules/marked-util": {
      "version": "0.0.9",
      "resolved": "https://registry.npmjs.org/marked-util/-/marked-util-0.0.9.tgz",
      "integrity": "sha512-iW2dHtcef9monycVzDl+sSOI6ZfzEhfIz3L7mZLRYZPTy9nNEc3NIrvTQLfIowYUhP0Qvc9pXEDkmagKMKee1w==",
      "dependencies": {
        "edge-util": "^0.0.51",
        "marked": "^5.1.2",
        "text-or-binary": "^0.0.3"
      }
    },
    "node_modules/marked-util/node_modules/edge-util": {
      "version": "0.0.51",
      "resolved": "https://registry.npmjs.org/edge-util/-/edge-util-0.0.51.tgz",
      "integrity": "sha512-BXVwx6sMP1Vx8HvnQvQdT+VyL8cNmBSkkiZgQsSHQfhfVuV+EU/CFVcg+pKKcQgMDtBufBq/499QN6CbD04Tpw==",
      "dependencies": {
        "emoji-regex": "10.3.0",
        "js-yaml": "4.1.0",
        "openapi-types": "^12.1.3"
      }
    },
    "node_modules/openapi-types": {
      "version": "12.1.3",
      "resolved": "https://registry.npmjs.org/openapi-types/-/openapi-types-12.1.3.tgz",
      "integrity": "sha512-N4YtSYJqghVu4iek2ZUvcN/0aqH1kRDuNqzcycDxhOUpg7GdvLa2F3DgS6yBNhInhv2r/6I0Flkn7CqL8+nIcw==",
      "license": "MIT"
    },
    "node_modules/text-or-binary": {
      "version": "0.0.3",
      "resolved": "https://registry.npmjs.org/text-or-binary/-/text-or-binary-0.0.3.tgz",
      "integrity": "sha512-tggwTKVBrBxVuFbk/MvktRefAFNxruf4J77+lv/7MLQ7BYaz5rcFyYjRnpvqpFTICP6r5uF++QwFpczbjwlHYw==",
      "dependencies": {
        "edge-util": "^0.0.51"
      }
    },
    "node_modules/text-or-binary/node_modules/edge-util": {
      "version": "0.0.51",
      "resolved": "https://registry.npmjs.org/edge-util/-/edge-util-0.0.51.tgz",
      "integrity": "sha512-BXVwx6sMP1Vx8HvnQvQdT+VyL8cNmBSkkiZgQsSHQfhfVuV+EU/CFVcg+pKKcQgMDtBufBq/499QN6CbD04Tpw==",
      "dependencies": {
        "emoji-regex": "10.3.0",
        "js-yaml": "4.1.0",
        "openapi-types": "^12.1.3"
      }
    }
  }
}
